// !$*UTF8*$!
{
	archiveVersion = 1;
	classes = {
	};
	objectVersion = 46;
	objects = {

/* Begin PBXBuildFile section */
		3F43D2FB1504AB9900B1227B /* UIKit.framework in Frameworks */ = {isa = PBXBuildFile; fileRef = 3F43D2FA1504AB9900B1227B /* UIKit.framework */; };
		3F43D2FD1504AB9900B1227B /* Foundation.framework in Frameworks */ = {isa = PBXBuildFile; fileRef = 3F43D2FC1504AB9900B1227B /* Foundation.framework */; };
		3F43D2FF1504AB9900B1227B /* CoreGraphics.framework in Frameworks */ = {isa = PBXBuildFile; fileRef = 3F43D2FE1504AB9900B1227B /* CoreGraphics.framework */; };
		3F43D3051504AB9900B1227B /* InfoPlist.strings in Resources */ = {isa = PBXBuildFile; fileRef = 3F43D3031504AB9900B1227B /* InfoPlist.strings */; };
		3F43D3071504AB9900B1227B /* main.m in Sources */ = {isa = PBXBuildFile; fileRef = 3F43D3061504AB9900B1227B /* main.m */; };
		3F43D30B1504AB9900B1227B /* AppDelegate.m in Sources */ = {isa = PBXBuildFile; fileRef = 3F43D30A1504AB9900B1227B /* AppDelegate.m */; };
		3F43D30E1504AB9900B1227B /* ViewController.m in Sources */ = {isa = PBXBuildFile; fileRef = 3F43D30D1504AB9900B1227B /* ViewController.m */; };
		3F43D3111504AB9900B1227B /* ViewController.xib in Resources */ = {isa = PBXBuildFile; fileRef = 3F43D30F1504AB9900B1227B /* ViewController.xib */; };
		3F43D3221504B02100B1227B /* calendar.png in Resources */ = {isa = PBXBuildFile; fileRef = 3F43D3211504B02100B1227B /* calendar.png */; };
		3F43D3241504B02800B1227B /* chart_pie.png in Resources */ = {isa = PBXBuildFile; fileRef = 3F43D3231504B02800B1227B /* chart_pie.png */; };
		3F43D3261504B03600B1227B /* chart.png in Resources */ = {isa = PBXBuildFile; fileRef = 3F43D3251504B03600B1227B /* chart.png */; };
		3F43D32C1504B24D00B1227B /* woodgrain.jpg in Resources */ = {isa = PBXBuildFile; fileRef = 3F43D32B1504B24D00B1227B /* woodgrain.jpg */; };
		3F43D3331504B88700B1227B /* CoolButton.m in Sources */ = {isa = PBXBuildFile; fileRef = 3F43D3321504B88700B1227B /* CoolButton.m */; };
/* End PBXBuildFile section */

/* Begin PBXFileReference section */
		3F43D2F61504AB9900B1227B /* ButtonDemo.app */ = {isa = PBXFileReference; explicitFileType = wrapper.application; includeInIndex = 0; path = ButtonDemo.app; sourceTree = BUILT_PRODUCTS_DIR; };
		3F43D2FA1504AB9900B1227B /* UIKit.framework */ = {isa = PBXFileReference; lastKnownFileType = wrapper.framework; name = UIKit.framework; path = System/Library/Frameworks/UIKit.framework; sourceTree = SDKROOT; };
		3F43D2FC1504AB9900B1227B /* Foundation.framework */ = {isa = PBXFileReference; lastKnownFileType = wrapper.framework; name = Foundation.framework; path = System/Library/Frameworks/Foundation.framework; sourceTree = SDKROOT; };
		3F43D2FE1504AB9900B1227B /* CoreGraphics.framework */ = {isa = PBXFileReference; lastKnownFileType = wrapper.framework; name = CoreGraphics.framework; path = System/Library/Frameworks/CoreGraphics.framework; sourceTree = SDKROOT; };
		3F43D3021504AB9900B1227B /* ButtonDemo-Info.plist */ = {isa = PBXFileReference; lastKnownFileType = text.plist.xml; path = "ButtonDemo-Info.plist"; sourceTree = "<group>"; };
		3F43D3041504AB9900B1227B /* en */ = {isa = PBXFileReference; lastKnownFileType = text.plist.strings; name = en; path = en.lproj/InfoPlist.strings; sourceTree = "<group>"; };
		3F43D3061504AB9900B1227B /* main.m */ = {isa = PBXFileReference; lastKnownFileType = sourcecode.c.objc; path = main.m; sourceTree = "<group>"; };
		3F43D3081504AB9900B1227B /* ButtonDemo-Prefix.pch */ = {isa = PBXFileReference; lastKnownFileType = sourcecode.c.h; path = "ButtonDemo-Prefix.pch"; sourceTree = "<group>"; };
		3F43D3091504AB9900B1227B /* AppDelegate.h */ = {isa = PBXFileReference; lastKnownFileType = sourcecode.c.h; path = AppDelegate.h; sourceTree = "<group>"; };
		3F43D30A1504AB9900B1227B /* AppDelegate.m */ = {isa = PBXFileReference; lastKnownFileType = sourcecode.c.objc; path = AppDelegate.m; sourceTree = "<group>"; };
		3F43D30C1504AB9900B1227B /* ViewController.h */ = {isa = PBXFileReference; lastKnownFileType = sourcecode.c.h; path = ViewController.h; sourceTree = "<group>"; };
		3F43D30D1504AB9900B1227B /* ViewController.m */ = {isa = PBXFileReference; lastKnownFileType = sourcecode.c.objc; path = ViewController.m; sourceTree = "<group>"; };
		3F43D3101504AB9900B1227B /* en */ = {isa = PBXFileReference; lastKnownFileType = file.xib; name = en; path = en.lproj/ViewController.xib; sourceTree = "<group>"; };
		3F43D3211504B02100B1227B /* calendar.png */ = {isa = PBXFileReference; lastKnownFileType = image.png; path = calendar.png; sourceTree = "<group>"; };
		3F43D3231504B02800B1227B /* chart_pie.png */ = {isa = PBXFileReference; lastKnownFileType = image.png; path = chart_pie.png; sourceTree = "<group>"; };
		3F43D3251504B03600B1227B /* chart.png */ = {isa = PBXFileReference; lastKnownFileType = image.png; path = chart.png; sourceTree = "<group>"; };
		3F43D32B1504B24D00B1227B /* woodgrain.jpg */ = {isa = PBXFileReference; lastKnownFileType = image.jpeg; path = woodgrain.jpg; sourceTree = "<group>"; };
		3F43D3311504B88700B1227B /* CoolButton.h */ = {isa = PBXFileReference; fileEncoding = 4; lastKnownFileType = sourcecode.c.h; path = CoolButton.h; sourceTree = "<group>"; };
		3F43D3321504B88700B1227B /* CoolButton.m */ = {isa = PBXFileReference; fileEncoding = 4; lastKnownFileType = sourcecode.c.objc; path = CoolButton.m; sourceTree = "<group>"; };
/* End PBXFileReference section */

/* Begin PBXFrameworksBuildPhase section */
		3F43D2F31504AB9900B1227B /* Frameworks */ = {
			isa = PBXFrameworksBuildPhase;
			buildActionMask = 2147483647;
			files = (
				3F43D2FB1504AB9900B1227B /* UIKit.framework in Frameworks */,
				3F43D2FD1504AB9900B1227B /* Foundation.framework in Frameworks */,
				3F43D2FF1504AB9900B1227B /* CoreGraphics.framework in Frameworks */,
			);
			runOnlyForDeploymentPostprocessing = 0;
		};
/* End PBXFrameworksBuildPhase section */

/* Begin PBXGroup section */
		3F43D2EB1504AB9900B1227B = {
			isa = PBXGroup;
			children = (
				3F43D3001504AB9900B1227B /* ButtonDemo */,
				3F43D2F91504AB9900B1227B /* Frameworks */,
				3F43D2F71504AB9900B1227B /* Products */,
			);
			sourceTree = "<group>";
		};
		3F43D2F71504AB9900B1227B /* Products */ = {
			isa = PBXGroup;
			children = (
				3F43D2F61504AB9900B1227B /* ButtonDemo.app */,
			);
			name = Products;
			sourceTree = "<group>";
		};
		3F43D2F91504AB9900B1227B /* Frameworks */ = {
			isa = PBXGroup;
			children = (
				3F43D2FA1504AB9900B1227B /* UIKit.framework */,
				3F43D2FC1504AB9900B1227B /* Foundation.framework */,
				3F43D2FE1504AB9900B1227B /* CoreGraphics.framework */,
			);
			name = Frameworks;
			sourceTree = "<group>";
		};
		3F43D3001504AB9900B1227B /* ButtonDemo */ = {
			isa = PBXGroup;
			children = (
				3F43D3091504AB9900B1227B /* AppDelegate.h */,
				3F43D30A1504AB9900B1227B /* AppDelegate.m */,
				3F43D30C1504AB9900B1227B /* ViewController.h */,
				3F43D30D1504AB9900B1227B /* ViewController.m */,
				3F43D30F1504AB9900B1227B /* ViewController.xib */,
				3F43D3311504B88700B1227B /* CoolButton.h */,
				3F43D3321504B88700B1227B /* CoolButton.m */,
				3F43D3201504B00A00B1227B /* Images */,
				3F43D3011504AB9900B1227B /* Supporting Files */,
			);
			path = ButtonDemo;
			sourceTree = "<group>";
		};
		3F43D3011504AB9900B1227B /* Supporting Files */ = {
			isa = PBXGroup;
			children = (
				3F43D3021504AB9900B1227B /* ButtonDemo-Info.plist */,
				3F43D3031504AB9900B1227B /* InfoPlist.strings */,
				3F43D3061504AB9900B1227B /* main.m */,
				3F43D3081504AB9900B1227B /* ButtonDemo-Prefix.pch */,
			);
			name = "Supporting Files";
			sourceTree = "<group>";
		};
		3F43D3201504B00A00B1227B /* Images */ = {
			isa = PBXGroup;
			children = (
				3F43D32B1504B24D00B1227B /* woodgrain.jpg */,
				3F43D3251504B03600B1227B /* chart.png */,
				3F43D3231504B02800B1227B /* chart_pie.png */,
				3F43D3211504B02100B1227B /* calendar.png */,
			);
			name = Images;
			sourceTree = "<group>";
		};
/* End PBXGroup section */

/* Begin PBXNativeTarget section */
		3F43D2F51504AB9900B1227B /* ButtonDemo */ = {
			isa = PBXNativeTarget;
			buildConfigurationList = 3F43D3141504AB9900B1227B /* Build configuration list for PBXNativeTarget "ButtonDemo" */;
			buildPhases = (
				3F43D2F21504AB9900B1227B /* Sources */,
				3F43D2F31504AB9900B1227B /* Frameworks */,
				3F43D2F41504AB9900B1227B /* Resources */,
			);
			buildRules = (
			);
			dependencies = (
			);
			name = ButtonDemo;
			productName = ButtonDemo;
			productReference = 3F43D2F61504AB9900B1227B /* ButtonDemo.app */;
			productType = "com.apple.product-type.application";
		};
/* End PBXNativeTarget section */

/* Begin PBXProject section */
		3F43D2ED1504AB9900B1227B /* Project object */ = {
			isa = PBXProject;
			attributes = {
				LastUpgradeCheck = 0420;
			};
			buildConfigurationList = 3F43D2F01504AB9900B1227B /* Build configuration list for PBXProject "ButtonDemo" */;
			compatibilityVersion = "Xcode 3.2";
			developmentRegion = English;
			hasScannedForEncodings = 0;
			knownRegions = (
				en,
			);
			mainGroup = 3F43D2EB1504AB9900B1227B;
			productRefGroup = 3F43D2F71504AB9900B1227B /* Products */;
			projectDirPath = "";
			projectRoot = "";
			targets = (
				3F43D2F51504AB9900B1227B /* ButtonDemo */,
			);
		};
/* End PBXProject section */

/* Begin PBXResourcesBuildPhase section */
		3F43D2F41504AB9900B1227B /* Resources */ = {
			isa = PBXResourcesBuildPhase;
			buildActionMask = 2147483647;
			files = (
				3F43D3051504AB9900B1227B /* InfoPlist.strings in Resources */,
				3F43D3111504AB9900B1227B /* ViewController.xib in Resources */,
				3F43D3221504B02100B1227B /* calendar.png in Resources */,
				3F43D3241504B02800B1227B /* chart_pie.png in Resources */,
				3F43D3261504B03600B1227B /* chart.png in Resources */,
				3F43D32C1504B24D00B1227B /* woodgrain.jpg in Resources */,
			);
			runOnlyForDeploymentPostprocessing = 0;
		};
/* End PBXResourcesBuildPhase section */

/* Begin PBXSourcesBuildPhase section */
		3F43D2F21504AB9900B1227B /* Sources */ = {
			isa = PBXSourcesBuildPhase;
			buildActionMask = 2147483647;
			files = (
				3F43D3071504AB9900B1227B /* main.m in Sources */,
				3F43D30B1504AB9900B1227B /* AppDelegate.m in Sources */,
				3F43D30E1504AB9900B1227B /* ViewController.m in Sources */,
				3F43D3331504B88700B1227B /* CoolButton.m in Sources */,
			);
			runOnlyForDeploymentPostprocessing = 0;
		};
/* End PBXSourcesBuildPhase section */

/* Begin PBXVariantGroup section */
		3F43D3031504AB9900B1227B /* InfoPlist.strings */ = {
			isa = PBXVariantGroup;
			children = (
				3F43D3041504AB9900B1227B /* en */,
			);
			name = InfoPlist.strings;
			sourceTree = "<group>";
		};
		3F43D30F1504AB9900B1227B /* ViewController.xib */ = {
			isa = PBXVariantGroup;
			children = (
				3F43D3101504AB9900B1227B /* en */,
			);
			name = ViewController.xib;
			sourceTree = "<group>";
		};
/* End PBXVariantGroup section */

/* Begin XCBuildConfiguration section */
		3F43D3121504AB9900B1227B /* Debug */ = {
			isa = XCBuildConfiguration;
			buildSettings = {
				ALWAYS_SEARCH_USER_PATHS = NO;
				ARCHS = "$(ARCHS_STANDARD_32_BIT)";
				CLANG_ENABLE_OBJC_ARC = YES;
				"CODE_SIGN_IDENTITY[sdk=iphoneos*]" = "iPhone Developer";
				COPY_PHASE_STRIP = NO;
				GCC_C_LANGUAGE_STANDARD = gnu99;
				GCC_DYNAMIC_NO_PIC = NO;
				GCC_OPTIMIZATION_LEVEL = 0;
				GCC_PREPROCESSOR_DEFINITIONS = (
					"DEBUG=1",
					"$(inherited)",
				);
				GCC_SYMBOLS_PRIVATE_EXTERN = NO;
				GCC_VERSION = com.apple.compilers.llvm.clang.1_0;
				GCC_WARN_ABOUT_MISSING_PROTOTYPES = YES;
				GCC_WARN_ABOUT_RETURN_TYPE = YES;
				GCC_WARN_UNUSED_VARIABLE = YES;
				IPHONEOS_DEPLOYMENT_TARGET = 5.0;
				SDKROOT = iphoneos;
			};
			name = Debug;
		};
		3F43D3131504AB9900B1227B /* Release */ = {
			isa = XCBuildConfiguration;
			buildSettings = {
				ALWAYS_SEARCH_USER_PATHS = NO;
				ARCHS = "$(ARCHS_STANDARD_32_BIT)";
				CLANG_ENABLE_OBJC_ARC = YES;
				"CODE_SIGN_IDENTITY[sdk=iphoneos*]" = "iPhone Developer";
				COPY_PHASE_STRIP = YES;
				GCC_C_LANGUAGE_STANDARD = gnu99;
				GCC_VERSION = com.apple.compilers.llvm.clang.1_0;
				GCC_WARN_ABOUT_MISSING_PROTOTYPES = YES;
				GCC_WARN_ABOUT_RETURN_TYPE = YES;
				GCC_WARN_UNUSED_VARIABLE = YES;
				IPHONEOS_DEPLOYMENT_TARGET = 5.0;
				OTHER_CFLAGS = "-DNS_BLOCK_ASSERTIONS=1";
				SDKROOT = iphoneos;
				VALIDATE_PRODUCT = YES;
			};
			name = Release;
		};
		3F43D3151504AB9900B1227B /* Debug */ = {
			isa = XCBuildConfiguration;
			buildSettings = {
				GCC_PRECOMPILE_PREFIX_HEADER = YES;
				GCC_PREFIX_HEADER = "ButtonDemo/ButtonDemo-Prefix.pch";
				INFOPLIST_FILE = "ButtonDemo/ButtonDemo-Info.plist";
				PRODUCT_NAME = "$(TARGET_NAME)";
				WRAPPER_EXTENSION = app;
			};
			name = Debug;
		};
		3F43D3161504AB9900B1227B /* Release */ = {
			isa = XCBuildConfiguration;
			buildSettings = {
				GCC_PRECOMPILE_PREFIX_HEADER = YES;
				GCC_PREFIX_HEADER = "ButtonDemo/ButtonDemo-Prefix.pch";
				INFOPLIST_FILE = "ButtonDemo/ButtonDemo-Info.plist";
				PRODUCT_NAME = "$(TARGET_NAME)";
				WRAPPER_EXTENSION = app;
			};
			name = Release;
		};
/* End XCBuildConfiguration section */

/* Begin XCConfigurationList section */
		3F43D2F01504AB9900B1227B /* Build configuration list for PBXProject "ButtonDemo" */ = {
			isa = XCConfigurationList;
			buildConfigurations = (
				3F43D3121504AB9900B1227B /* Debug */,
				3F43D3131504AB9900B1227B /* Release */,
			);
			defaultConfigurationIsVisible = 0;
			defaultConfigurationName = Release;
		};
		3F43D3141504AB9900B1227B /* Build configuration list for PBXNativeTarget "ButtonDemo" */ = {
			isa = XCConfigurationList;
			buildConfigurations = (
				3F43D3151504AB9900B1227B /* Debug */,
				3F43D3161504AB9900B1227B /* Release */,
			);
			defaultConfigurationIsVisible = 0;
		};
/* End XCConfigurationList section */
	};
	rootObject = 3F43D2ED1504AB9900B1227B /* Project object */;
}
